
Microsoft Visual Studio Solution File, Format Version 12.00
# Visual Studio Version 17
VisualStudioVersion = 17.5.002.0
MinimumVisualStudioVersion = 10.0.40219.1
Project("{9A19103F-16F7-4668-BE54-9A1E7A4F7556}") = "myfinance-web-dotnet", "1-) myfinance-web-dotnet\myfinance-web-dotnet.csproj", "{EF39ADAC-02A2-46B6-81FA-9B30FA5C6097}"
EndProject
Project("{9A19103F-16F7-4668-BE54-9A1E7A4F7556}") = "myfinance-web-dotnet-service", "2-) myfinance-web-dotnet-service\myfinance-web-dotnet-service.csproj", "{5108ECA2-1336-4688-8A6A-BB16E1FA7FAD}"
EndProject
Project("{9A19103F-16F7-4668-BE54-9A1E7A4F7556}") = "myfinance-web-dotnet-domain", "3-) myfinance-web-dotnet-domain\myfinance-web-dotnet-domain.csproj", "{4DD19634-9260-4CEC-B7D0-A190469E6166}"
EndProject
Project("{9A19103F-16F7-4668-BE54-9A1E7A4F7556}") = "myfinance-web-dotnet-infra", "4-) myfinance-web-dotnet-infra\myfinance-web-dotnet-infra.csproj", "{A6E29B46-9FCA-4CC3-A01F-F6E272C6F1C8}"
EndProject
Global
	GlobalSection(SolutionConfigurationPlatforms) = preSolution
		Debug|Any CPU = Debug|Any CPU
		Release|Any CPU = Release|Any CPU
	EndGlobalSection
	GlobalSection(ProjectConfigurationPlatforms) = postSolution
		{EF39ADAC-02A2-46B6-81FA-9B30FA5C6097}.Debug|Any CPU.ActiveCfg = Debug|Any CPU
		{EF39ADAC-02A2-46B6-81FA-9B30FA5C6097}.Debug|Any CPU.Build.0 = Debug|Any CPU
		{EF39ADAC-02A2-46B6-81FA-9B30FA5C6097}.Release|Any CPU.ActiveCfg = Release|Any CPU
		{EF39ADAC-02A2-46B6-81FA-9B30FA5C6097}.Release|Any CPU.Build.0 = Release|Any CPU
		{5108ECA2-1336-4688-8A6A-BB16E1FA7FAD}.Debug|Any CPU.ActiveCfg = Debug|Any CPU
		{5108ECA2-1336-4688-8A6A-BB16E1FA7FAD}.Debug|Any CPU.Build.0 = Debug|Any CPU
		{5108ECA2-1336-4688-8A6A-BB16E1FA7FAD}.Release|Any CPU.ActiveCfg = Release|Any CPU
		{5108ECA2-1336-4688-8A6A-BB16E1FA7FAD}.Release|Any CPU.Build.0 = Release|Any CPU
		{4DD19634-9260-4CEC-B7D0-A190469E6166}.Debug|Any CPU.ActiveCfg = Debug|Any CPU
		{4DD19634-9260-4CEC-B7D0-A190469E6166}.Debug|Any CPU.Build.0 = Debug|Any CPU
		{4DD19634-9260-4CEC-B7D0-A190469E6166}.Release|Any CPU.ActiveCfg = Release|Any CPU
		{4DD19634-9260-4CEC-B7D0-A190469E6166}.Release|Any CPU.Build.0 = Release|Any CPU
		{A6E29B46-9FCA-4CC3-A01F-F6E272C6F1C8}.Debug|Any CPU.ActiveCfg = Debug|Any CPU
		{A6E29B46-9FCA-4CC3-A01F-F6E272C6F1C8}.Debug|Any CPU.Build.0 = Debug|Any CPU
		{A6E29B46-9FCA-4CC3-A01F-F6E272C6F1C8}.Release|Any CPU.ActiveCfg = Release|Any CPU
		{A6E29B46-9FCA-4CC3-A01F-F6E272C6F1C8}.Release|Any CPU.Build.0 = Release|Any CPU
	EndGlobalSection
	GlobalSection(SolutionProperties) = preSolution
		HideSolutionNode = FALSE
	EndGlobalSection
	GlobalSection(ExtensibilityGlobals) = postSolution
		SolutionGuid = {7B0F75CE-8624-4EA1-99A6-003E144DD1EA}
	EndGlobalSection
EndGlobal
